
Microsoft Visual Studio Solution File, Format Version 12.00
# Visual Studio Version 17
VisualStudioVersion = 17.0.31903.59
MinimumVisualStudioVersion = 10.0.40219.1
Project("{2150E333-8FDC-42A3-9474-1A3956D46DE8}") = "task01", "task01", "{28AB594D-C8BC-8ED4-8438-DB0929E1D7DF}"
EndProject
Project("{FAE04EC0-301F-11D3-BF4B-00C04F79EFBC}") = "churrosapp", "task01\churrosapp\churrosapp.csproj", "{94CE5217-944D-4F9B-A29B-558BA49E171C}"
EndProject
Project("{FAE04EC0-301F-11D3-BF4B-00C04F79EFBC}") = "task02", "task02\task02.csproj", "{53E90F29-48BD-4268-B174-1E5576C0C0C9}"
EndProject
Project("{2150E333-8FDC-42A3-9474-1A3956D46DE8}") = "task02", "task02", "{005DAD0A-B4C4-A5E3-12EC-A084D15FF1BA}"
EndProject
Project("{FAE04EC0-301F-11D3-BF4B-00C04F79EFBC}") = "Periodictable", "task02\Periodictable\Periodictable.csproj", "{2D4E0C3B-6423-4939-B9B9-2C47F5AB3F70}"
EndProject
Global
	GlobalSection(SolutionConfigurationPlatforms) = preSolution
		Debug|Any CPU = Debug|Any CPU
		Debug|x64 = Debug|x64
		Debug|x86 = Debug|x86
		Release|Any CPU = Release|Any CPU
		Release|x64 = Release|x64
		Release|x86 = Release|x86
	EndGlobalSection
	GlobalSection(ProjectConfigurationPlatforms) = postSolution
		{94CE5217-944D-4F9B-A29B-558BA49E171C}.Debug|Any CPU.ActiveCfg = Debug|Any CPU
		{94CE5217-944D-4F9B-A29B-558BA49E171C}.Debug|Any CPU.Build.0 = Debug|Any CPU
		{94CE5217-944D-4F9B-A29B-558BA49E171C}.Debug|x64.ActiveCfg = Debug|Any CPU
		{94CE5217-944D-4F9B-A29B-558BA49E171C}.Debug|x64.Build.0 = Debug|Any CPU
		{94CE5217-944D-4F9B-A29B-558BA49E171C}.Debug|x86.ActiveCfg = Debug|Any CPU
		{94CE5217-944D-4F9B-A29B-558BA49E171C}.Debug|x86.Build.0 = Debug|Any CPU
		{94CE5217-944D-4F9B-A29B-558BA49E171C}.Release|Any CPU.ActiveCfg = Release|Any CPU
		{94CE5217-944D-4F9B-A29B-558BA49E171C}.Release|Any CPU.Build.0 = Release|Any CPU
		{94CE5217-944D-4F9B-A29B-558BA49E171C}.Release|x64.ActiveCfg = Release|Any CPU
		{94CE5217-944D-4F9B-A29B-558BA49E171C}.Release|x64.Build.0 = Release|Any CPU
		{94CE5217-944D-4F9B-A29B-558BA49E171C}.Release|x86.ActiveCfg = Release|Any CPU
		{94CE5217-944D-4F9B-A29B-558BA49E171C}.Release|x86.Build.0 = Release|Any CPU
		{53E90F29-48BD-4268-B174-1E5576C0C0C9}.Debug|Any CPU.ActiveCfg = Debug|Any CPU
		{53E90F29-48BD-4268-B174-1E5576C0C0C9}.Debug|Any CPU.Build.0 = Debug|Any CPU
		{53E90F29-48BD-4268-B174-1E5576C0C0C9}.Debug|x64.ActiveCfg = Debug|Any CPU
		{53E90F29-48BD-4268-B174-1E5576C0C0C9}.Debug|x64.Build.0 = Debug|Any CPU
		{53E90F29-48BD-4268-B174-1E5576C0C0C9}.Debug|x86.ActiveCfg = Debug|Any CPU
		{53E90F29-48BD-4268-B174-1E5576C0C0C9}.Debug|x86.Build.0 = Debug|Any CPU
		{53E90F29-48BD-4268-B174-1E5576C0C0C9}.Release|Any CPU.ActiveCfg = Release|Any CPU
		{53E90F29-48BD-4268-B174-1E5576C0C0C9}.Release|Any CPU.Build.0 = Release|Any CPU
		{53E90F29-48BD-4268-B174-1E5576C0C0C9}.Release|x64.ActiveCfg = Release|Any CPU
		{53E90F29-48BD-4268-B174-1E5576C0C0C9}.Release|x64.Build.0 = Release|Any CPU
		{53E90F29-48BD-4268-B174-1E5576C0C0C9}.Release|x86.ActiveCfg = Release|Any CPU
		{53E90F29-48BD-4268-B174-1E5576C0C0C9}.Release|x86.Build.0 = Release|Any CPU
		{2D4E0C3B-6423-4939-B9B9-2C47F5AB3F70}.Debug|Any CPU.ActiveCfg = Debug|Any CPU
		{2D4E0C3B-6423-4939-B9B9-2C47F5AB3F70}.Debug|Any CPU.Build.0 = Debug|Any CPU
		{2D4E0C3B-6423-4939-B9B9-2C47F5AB3F70}.Debug|x64.ActiveCfg = Debug|Any CPU
		{2D4E0C3B-6423-4939-B9B9-2C47F5AB3F70}.Debug|x64.Build.0 = Debug|Any CPU
		{2D4E0C3B-6423-4939-B9B9-2C47F5AB3F70}.Debug|x86.ActiveCfg = Debug|Any CPU
		{2D4E0C3B-6423-4939-B9B9-2C47F5AB3F70}.Debug|x86.Build.0 = Debug|Any CPU
		{2D4E0C3B-6423-4939-B9B9-2C47F5AB3F70}.Release|Any CPU.ActiveCfg = Release|Any CPU
		{2D4E0C3B-6423-4939-B9B9-2C47F5AB3F70}.Release|Any CPU.Build.0 = Release|Any CPU
		{2D4E0C3B-6423-4939-B9B9-2C47F5AB3F70}.Release|x64.ActiveCfg = Release|Any CPU
		{2D4E0C3B-6423-4939-B9B9-2C47F5AB3F70}.Release|x64.Build.0 = Release|Any CPU
		{2D4E0C3B-6423-4939-B9B9-2C47F5AB3F70}.Release|x86.ActiveCfg = Release|Any CPU
		{2D4E0C3B-6423-4939-B9B9-2C47F5AB3F70}.Release|x86.Build.0 = Release|Any CPU
	EndGlobalSection
	GlobalSection(SolutionProperties) = preSolution
		HideSolutionNode = FALSE
	EndGlobalSection
	GlobalSection(NestedProjects) = preSolution
		{94CE5217-944D-4F9B-A29B-558BA49E171C} = {28AB594D-C8BC-8ED4-8438-DB0929E1D7DF}
		{2D4E0C3B-6423-4939-B9B9-2C47F5AB3F70} = {005DAD0A-B4C4-A5E3-12EC-A084D15FF1BA}
	EndGlobalSection
EndGlobal
